PODS:
  - Flutter (1.0.0)
  - Google-Maps-iOS-Utils (6.1.0):
    - GoogleMaps (~> 9.0)
  - google_maps_flutter_ios (0.0.1):
    - Flutter
    - Google-Maps-iOS-Utils (< 7.0, >= 5.0)
    - GoogleMaps (< 11.0, >= 8.4)
  - GoogleMaps (9.4.0):
    - GoogleMaps/Maps (= 9.4.0)
  - GoogleMaps/Maps (9.4.0)
  - razorpay-core-pod (1.0.9)
  - razorpay-pod (1.5.8):
    - razorpay-core-pod (= 1.0.9)
  - razorpay_flutter (1.1.10):
    - Flutter
    - razorpay-pod

DEPENDENCIES:
  - Flutter (from `Flutter`)
  - google_maps_flutter_ios (from `.symlinks/plugins/google_maps_flutter_ios/ios`)
  - razorpay_flutter (from `.symlinks/plugins/razorpay_flutter/ios`)

SPEC REPOS:
  trunk:
    - Google-Maps-iOS-Utils
    - GoogleMaps
    - razorpay-core-pod
    - razorpay-pod

EXTERNAL SOURCES:
  Flutter:
    :path: Flutter
  google_maps_flutter_ios:
    :path: ".symlinks/plugins/google_maps_flutter_ios/ios"
  razorpay_flutter:
    :path: ".symlinks/plugins/razorpay_flutter/ios"

SPEC CHECKSUMS:
  Flutter: 71a624a5bc0c04062bf19101d501e466baf2fb47
  Google-Maps-iOS-Utils: 0a484b05ed21d88c9f9ebbacb007956edd508a96
  google_maps_flutter_ios: 17552876e72723da1d41accc22f03b5f7afbde69
  GoogleMaps: 0608099d4870cac8754bdba9b6953db543432438
  razorpay-core-pod: 7ecea8ed3c47751e6a958f6c88126ea068f8c8fc
  razorpay-pod: 3fc296eacb28a059c55144286ea7c04d33d894f5
  razorpay_flutter: 0e98e4fcaae27ad50e011d85f66d85e0a008754a

PODFILE CHECKSUM: 8e969a32d760f04aa91bf160e0f6d47a7c6785d5

COCOAPODS: 1.17.0
